// !$*UTF8*$!
{
	archiveVersion = 1;
	classes = {
	};
	objectVersion = 56;
	objects = {

/* Begin PBXBuildFile section */
		BA0000000000000000000001 /* FastingApp.swift in Sources */ = {isa = PBXBuildFile; fileRef = AC0000000000000000000001 /* FastingApp.swift */; };
		BA0000000000000000000002 /* SettingsView.swift in Sources */ = {isa = PBXBuildFile; fileRef = AC0000000000000000000002 /* SettingsView.swift */; };
		BA0000000000000000000003 /* NotificationManager.swift in Sources */ = {isa = PBXBuildFile; fileRef = AC0000000000000000000003 /* NotificationManager.swift */; };
		BA0000000000000000000004 /* FastingModel.swift in Sources */ = {isa = PBXBuildFile; fileRef = AB0000000000000000000001 /* FastingModel.swift */; };
		BA0000000000000000000005 /* Palette.swift in Sources */ = {isa = PBXBuildFile; fileRef = AB0000000000000000000002 /* Palette.swift */; };
		BA0000000000000000000006 /* SharedStore.swift in Sources */ = {isa = PBXBuildFile; fileRef = AB0000000000000000000003 /* SharedStore.swift */; };
		BA0000000000000000000007 /* FastingViews.swift in Sources */ = {isa = PBXBuildFile; fileRef = AB0000000000000000000004 /* FastingViews.swift */; };
		BA0000000000000000000008 /* Assets.xcassets in Resources */ = {isa = PBXBuildFile; fileRef = AC0000000000000000000004 /* Assets.xcassets */; };
		BA0000000000000000000009 /* FastingWidgetExtension.appex in Embed Foundation Extensions */ = {isa = PBXBuildFile; fileRef = CC0000000000000000000002 /* FastingWidgetExtension.appex */; settings = {ATTRIBUTES = (RemoveHeadersOnCopy, ); }; };
		BD0000000000000000000001 /* FastingWidget.swift in Sources */ = {isa = PBXBuildFile; fileRef = AD0000000000000000000001 /* FastingWidget.swift */; };
		BD0000000000000000000002 /* FastingModel.swift in Sources */ = {isa = PBXBuildFile; fileRef = AB0000000000000000000001 /* FastingModel.swift */; };
		BD0000000000000000000003 /* Palette.swift in Sources */ = {isa = PBXBuildFile; fileRef = AB0000000000000000000002 /* Palette.swift */; };
		BD0000000000000000000004 /* SharedStore.swift in Sources */ = {isa = PBXBuildFile; fileRef = AB0000000000000000000003 /* SharedStore.swift */; };
		BD0000000000000000000005 /* FastingViews.swift in Sources */ = {isa = PBXBuildFile; fileRef = AB0000000000000000000004 /* FastingViews.swift */; };
		BA000000000000000000000A /* WidgetContent.swift in Sources */ = {isa = PBXBuildFile; fileRef = AB0000000000000000000006 /* WidgetContent.swift */; };
		BD0000000000000000000006 /* WidgetContent.swift in Sources */ = {isa = PBXBuildFile; fileRef = AB0000000000000000000006 /* WidgetContent.swift */; };
		BA000000000000000000000B /* FastingActivityAttributes.swift in Sources */ = {isa = PBXBuildFile; fileRef = AB0000000000000000000007 /* FastingActivityAttributes.swift */; };
		BD0000000000000000000007 /* FastingActivityAttributes.swift in Sources */ = {isa = PBXBuildFile; fileRef = AB0000000000000000000007 /* FastingActivityAttributes.swift */; };
		BA000000000000000000000C /* LiveActivityViews.swift in Sources */ = {isa = PBXBuildFile; fileRef = AB0000000000000000000008 /* LiveActivityViews.swift */; };
		BD0000000000000000000008 /* LiveActivityViews.swift in Sources */ = {isa = PBXBuildFile; fileRef = AB0000000000000000000008 /* LiveActivityViews.swift */; };
		BA000000000000000000000D /* LiveActivityManager.swift in Sources */ = {isa = PBXBuildFile; fileRef = AC0000000000000000000007 /* LiveActivityManager.swift */; };
		BD0000000000000000000009 /* FastingLiveActivity.swift in Sources */ = {isa = PBXBuildFile; fileRef = AD0000000000000000000005 /* FastingLiveActivity.swift */; };
/* End PBXBuildFile section */

/* Begin PBXContainerItemProxy section */
		11000000000000000000A2 /* PBXContainerItemProxy */ = {
			isa = PBXContainerItemProxy;
			containerPortal = AA0000000000000000000001 /* Project object */;
			proxyType = 1;
			remoteGlobalIDString = BB0000000000000000000002;
			remoteInfo = FastingWidget;
		};
/* End PBXContainerItemProxy section */

/* Begin PBXCopyFilesBuildPhase section */
		FF0000000000000000000003 /* Embed Foundation Extensions */ = {
			isa = PBXCopyFilesBuildPhase;
			buildActionMask = 2147483647;
			dstPath = "";
			dstSubfolderSpec = 13;
			files = (
				BA0000000000000000000009 /* FastingWidgetExtension.appex in Embed Foundation Extensions */,
			);
			name = "Embed Foundation Extensions";
			runOnlyForDeploymentPostprocessing = 0;
		};
/* End PBXCopyFilesBuildPhase section */

/* Begin PBXFileReference section */
		CC0000000000000000000001 /* Fasting.app */ = {isa = PBXFileReference; explicitFileType = wrapper.application; includeInIndex = 0; path = Fasting.app; sourceTree = BUILT_PRODUCTS_DIR; };
		CC0000000000000000000002 /* FastingWidgetExtension.appex */ = {isa = PBXFileReference; explicitFileType = "wrapper.app-extension"; includeInIndex = 0; path = FastingWidgetExtension.appex; sourceTree = BUILT_PRODUCTS_DIR; };
		AB0000000000000000000001 /* FastingModel.swift */ = {isa = PBXFileReference; lastKnownFileType = sourcecode.swift; path = FastingModel.swift; sourceTree = "<group>"; };
		AB0000000000000000000002 /* Palette.swift */ = {isa = PBXFileReference; lastKnownFileType = sourcecode.swift; path = Palette.swift; sourceTree = "<group>"; };
		AB0000000000000000000003 /* SharedStore.swift */ = {isa = PBXFileReference; lastKnownFileType = sourcecode.swift; path = SharedStore.swift; sourceTree = "<group>"; };
		AB0000000000000000000004 /* FastingViews.swift */ = {isa = PBXFileReference; lastKnownFileType = sourcecode.swift; path = FastingViews.swift; sourceTree = "<group>"; };
		AB0000000000000000000006 /* WidgetContent.swift */ = {isa = PBXFileReference; lastKnownFileType = sourcecode.swift; path = WidgetContent.swift; sourceTree = "<group>"; };
		AB0000000000000000000007 /* FastingActivityAttributes.swift */ = {isa = PBXFileReference; lastKnownFileType = sourcecode.swift; path = FastingActivityAttributes.swift; sourceTree = "<group>"; };
		AB0000000000000000000008 /* LiveActivityViews.swift */ = {isa = PBXFileReference; lastKnownFileType = sourcecode.swift; path = LiveActivityViews.swift; sourceTree = "<group>"; };
		AC0000000000000000000007 /* LiveActivityManager.swift */ = {isa = PBXFileReference; lastKnownFileType = sourcecode.swift; path = LiveActivityManager.swift; sourceTree = "<group>"; };
		AD0000000000000000000005 /* FastingLiveActivity.swift */ = {isa = PBXFileReference; lastKnownFileType = sourcecode.swift; path = FastingLiveActivity.swift; sourceTree = "<group>"; };
		AC0000000000000000000001 /* FastingApp.swift */ = {isa = PBXFileReference; lastKnownFileType = sourcecode.swift; path = FastingApp.swift; sourceTree = "<group>"; };
		AC0000000000000000000002 /* SettingsView.swift */ = {isa = PBXFileReference; lastKnownFileType = sourcecode.swift; path = SettingsView.swift; sourceTree = "<group>"; };
		AC0000000000000000000003 /* NotificationManager.swift */ = {isa = PBXFileReference; lastKnownFileType = sourcecode.swift; path = NotificationManager.swift; sourceTree = "<group>"; };
		AC0000000000000000000004 /* Assets.xcassets */ = {isa = PBXFileReference; lastKnownFileType = folder.assetcatalog; path = Assets.xcassets; sourceTree = "<group>"; };
		AC0000000000000000000005 /* Fasting.entitlements */ = {isa = PBXFileReference; lastKnownFileType = text.plist.entitlements; path = Fasting.entitlements; sourceTree = "<group>"; };
		AD0000000000000000000001 /* FastingWidget.swift */ = {isa = PBXFileReference; lastKnownFileType = sourcecode.swift; path = FastingWidget.swift; sourceTree = "<group>"; };
		AD0000000000000000000002 /* FastingWidget.entitlements */ = {isa = PBXFileReference; lastKnownFileType = text.plist.entitlements; path = FastingWidget.entitlements; sourceTree = "<group>"; };
		AD0000000000000000000003 /* Info.plist */ = {isa = PBXFileReference; lastKnownFileType = text.plist.xml; path = Info.plist; sourceTree = "<group>"; };
/* End PBXFileReference section */

/* Begin PBXFrameworksBuildPhase section */
		FF0000000000000000000004 /* Frameworks */ = {
			isa = PBXFrameworksBuildPhase;
			buildActionMask = 2147483647;
			files = (
			);
			runOnlyForDeploymentPostprocessing = 0;
		};
		FF0000000000000000000006 /* Frameworks */ = {
			isa = PBXFrameworksBuildPhase;
			buildActionMask = 2147483647;
			files = (
			);
			runOnlyForDeploymentPostprocessing = 0;
		};
/* End PBXFrameworksBuildPhase section */

/* Begin PBXGroup section */
		AA0000000000000000000002 /* Main */ = {
			isa = PBXGroup;
			children = (
				AC0000000000000000000006 /* Fasting */,
				AD0000000000000000000004 /* FastingWidget */,
				AB0000000000000000000005 /* Shared */,
				AA0000000000000000000003 /* Products */,
			);
			sourceTree = "<group>";
		};
		AA0000000000000000000003 /* Products */ = {
			isa = PBXGroup;
			children = (
				CC0000000000000000000001 /* Fasting.app */,
				CC0000000000000000000002 /* FastingWidgetExtension.appex */,
			);
			name = Products;
			sourceTree = "<group>";
		};
		AB0000000000000000000005 /* Shared */ = {
			isa = PBXGroup;
			children = (
				AB0000000000000000000001 /* FastingModel.swift */,
				AB0000000000000000000002 /* Palette.swift */,
				AB0000000000000000000003 /* SharedStore.swift */,
				AB0000000000000000000004 /* FastingViews.swift */,
				AB0000000000000000000006 /* WidgetContent.swift */,
				AB0000000000000000000007 /* FastingActivityAttributes.swift */,
				AB0000000000000000000008 /* LiveActivityViews.swift */,
			);
			path = Shared;
			sourceTree = "<group>";
		};
		AC0000000000000000000006 /* Fasting */ = {
			isa = PBXGroup;
			children = (
				AC0000000000000000000001 /* FastingApp.swift */,
				AC0000000000000000000002 /* SettingsView.swift */,
				AC0000000000000000000003 /* NotificationManager.swift */,
				AC0000000000000000000004 /* Assets.xcassets */,
				AC0000000000000000000005 /* Fasting.entitlements */,
				AC0000000000000000000007 /* LiveActivityManager.swift */,
			);
			path = Fasting;
			sourceTree = "<group>";
		};
		AD0000000000000000000004 /* FastingWidget */ = {
			isa = PBXGroup;
			children = (
				AD0000000000000000000001 /* FastingWidget.swift */,
				AD0000000000000000000003 /* Info.plist */,
				AD0000000000000000000002 /* FastingWidget.entitlements */,
				AD0000000000000000000005 /* FastingLiveActivity.swift */,
			);
			path = FastingWidget;
			sourceTree = "<group>";
		};
/* End PBXGroup section */

/* Begin PBXNativeTarget section */
		BB0000000000000000000001 /* Fasting */ = {
			isa = PBXNativeTarget;
			buildConfigurationList = DD0000000000000000000002 /* Build configuration list for PBXNativeTarget "Fasting" */;
			buildPhases = (
				FF0000000000000000000001 /* Sources */,
				FF0000000000000000000004 /* Frameworks */,
				FF0000000000000000000002 /* Resources */,
				FF0000000000000000000003 /* Embed Foundation Extensions */,
			);
			buildRules = (
			);
			dependencies = (
				11000000000000000000A1 /* PBXTargetDependency */,
			);
			name = Fasting;
			productName = Fasting;
			productReference = CC0000000000000000000001 /* Fasting.app */;
			productType = "com.apple.product-type.application";
		};
		BB0000000000000000000002 /* FastingWidget */ = {
			isa = PBXNativeTarget;
			buildConfigurationList = DD0000000000000000000003 /* Build configuration list for PBXNativeTarget "FastingWidget" */;
			buildPhases = (
				FF0000000000000000000005 /* Sources */,
				FF0000000000000000000006 /* Frameworks */,
			);
			buildRules = (
			);
			dependencies = (
			);
			name = FastingWidget;
			productName = FastingWidgetExtension;
			productReference = CC0000000000000000000002 /* FastingWidgetExtension.appex */;
			productType = "com.apple.product-type.app-extension";
		};
/* End PBXNativeTarget section */

/* Begin PBXProject section */
		AA0000000000000000000001 /* Project object */ = {
			isa = PBXProject;
			attributes = {
				BuildIndependentTargetsInParallel = 1;
				LastSwiftUpdateCheck = 2650;
				LastUpgradeCheck = 2650;
				TargetAttributes = {
					BB0000000000000000000001 = {
						CreatedOnToolsVersion = 26.5;
					};
					BB0000000000000000000002 = {
						CreatedOnToolsVersion = 26.5;
					};
				};
			};
			buildConfigurationList = DD0000000000000000000001 /* Build configuration list for PBXProject "Fasting" */;
			compatibilityVersion = "Xcode 14.0";
			developmentRegion = en;
			hasScannedForEncodings = 0;
			knownRegions = (
				en,
				Base,
			);
			mainGroup = AA0000000000000000000002 /* Main */;
			productRefGroup = AA0000000000000000000003 /* Products */;
			projectDirPath = "";
			projectRoot = "";
			targets = (
				BB0000000000000000000001 /* Fasting */,
				BB0000000000000000000002 /* FastingWidget */,
			);
		};
/* End PBXProject section */

/* Begin PBXResourcesBuildPhase section */
		FF0000000000000000000002 /* Resources */ = {
			isa = PBXResourcesBuildPhase;
			buildActionMask = 2147483647;
			files = (
				BA0000000000000000000008 /* Assets.xcassets in Resources */,
			);
			runOnlyForDeploymentPostprocessing = 0;
		};
/* End PBXResourcesBuildPhase section */

/* Begin PBXSourcesBuildPhase section */
		FF0000000000000000000001 /* Sources */ = {
			isa = PBXSourcesBuildPhase;
			buildActionMask = 2147483647;
			files = (
				BA0000000000000000000001 /* FastingApp.swift in Sources */,
				BA0000000000000000000002 /* SettingsView.swift in Sources */,
				BA0000000000000000000003 /* NotificationManager.swift in Sources */,
				BA0000000000000000000004 /* FastingModel.swift in Sources */,
				BA0000000000000000000005 /* Palette.swift in Sources */,
				BA0000000000000000000006 /* SharedStore.swift in Sources */,
				BA0000000000000000000007 /* FastingViews.swift in Sources */,
				BA000000000000000000000A /* WidgetContent.swift in Sources */,
				BA000000000000000000000B /* FastingActivityAttributes.swift in Sources */,
				BA000000000000000000000C /* LiveActivityViews.swift in Sources */,
				BA000000000000000000000D /* LiveActivityManager.swift in Sources */,
			);
			runOnlyForDeploymentPostprocessing = 0;
		};
		FF0000000000000000000005 /* Sources */ = {
			isa = PBXSourcesBuildPhase;
			buildActionMask = 2147483647;
			files = (
				BD0000000000000000000001 /* FastingWidget.swift in Sources */,
				BD0000000000000000000002 /* FastingModel.swift in Sources */,
				BD0000000000000000000003 /* Palette.swift in Sources */,
				BD0000000000000000000004 /* SharedStore.swift in Sources */,
				BD0000000000000000000005 /* FastingViews.swift in Sources */,
				BD0000000000000000000006 /* WidgetContent.swift in Sources */,
				BD0000000000000000000007 /* FastingActivityAttributes.swift in Sources */,
				BD0000000000000000000008 /* LiveActivityViews.swift in Sources */,
				BD0000000000000000000009 /* FastingLiveActivity.swift in Sources */,
			);
			runOnlyForDeploymentPostprocessing = 0;
		};
/* End PBXSourcesBuildPhase section */

/* Begin PBXTargetDependency section */
		11000000000000000000A1 /* PBXTargetDependency */ = {
			isa = PBXTargetDependency;
			target = BB0000000000000000000002 /* FastingWidget */;
			targetProxy = 11000000000000000000A2 /* PBXContainerItemProxy */;
		};
/* End PBXTargetDependency section */

/* Begin XCBuildConfiguration section */
		EE0000000000000000000001 /* Debug */ = {
			isa = XCBuildConfiguration;
			buildSettings = {
				ALWAYS_SEARCH_USER_PATHS = NO;
				ASSETCATALOG_COMPILER_GENERATE_SWIFT_ASSET_SYMBOL_EXTENSIONS = NO;
				CLANG_ANALYZER_NONNULL = YES;
				CLANG_ENABLE_MODULES = YES;
				CLANG_ENABLE_OBJC_ARC = YES;
				CLANG_WARN_BOOL_CONVERSION = YES;
				CLANG_WARN_CONSTANT_CONVERSION = YES;
				CLANG_WARN_DOCUMENTATION_COMMENTS = YES;
				CLANG_WARN_EMPTY_BODY = YES;
				CLANG_WARN_INT_CONVERSION = YES;
				CLANG_WARN_UNGUARDED_AVAILABILITY = YES_AGGRESSIVE;
				COPY_PHASE_STRIP = NO;
				DEBUG_INFORMATION_FORMAT = dwarf;
				ENABLE_STRICT_OBJC_MSGSEND = YES;
				ENABLE_TESTABILITY = YES;
				ENABLE_USER_SCRIPT_SANDBOXING = YES;
				GCC_C_LANGUAGE_STANDARD = gnu17;
				GCC_DYNAMIC_NO_PIC = NO;
				GCC_NO_COMMON_BLOCKS = YES;
				GCC_OPTIMIZATION_LEVEL = 0;
				GCC_PREPROCESSOR_DEFINITIONS = (
					"DEBUG=1",
					"$(inherited)",
				);
				GCC_WARN_ABOUT_RETURN_TYPE = YES_ERROR;
				GCC_WARN_UNINITIALIZED_AUTOS = YES_AGGRESSIVE;
				GCC_WARN_UNUSED_FUNCTION = YES;
				GCC_WARN_UNUSED_VARIABLE = YES;
				IPHONEOS_DEPLOYMENT_TARGET = 17.0;
				MTL_ENABLE_DEBUG_INFO = INCLUDE_SOURCE;
				MTL_FAST_MATH = YES;
				ONLY_ACTIVE_ARCH = YES;
				SDKROOT = iphoneos;
				SWIFT_ACTIVE_COMPILATION_CONDITIONS = "DEBUG $(inherited)";
				SWIFT_OPTIMIZATION_LEVEL = "-Onone";
				SWIFT_VERSION = 5.0;
			};
			name = Debug;
		};
		EE0000000000000000000002 /* Release */ = {
			isa = XCBuildConfiguration;
			buildSettings = {
				ALWAYS_SEARCH_USER_PATHS = NO;
				ASSETCATALOG_COMPILER_GENERATE_SWIFT_ASSET_SYMBOL_EXTENSIONS = NO;
				CLANG_ANALYZER_NONNULL = YES;
				CLANG_ENABLE_MODULES = YES;
				CLANG_ENABLE_OBJC_ARC = YES;
				CLANG_WARN_BOOL_CONVERSION = YES;
				CLANG_WARN_CONSTANT_CONVERSION = YES;
				CLANG_WARN_DOCUMENTATION_COMMENTS = YES;
				CLANG_WARN_EMPTY_BODY = YES;
				CLANG_WARN_INT_CONVERSION = YES;
				CLANG_WARN_UNGUARDED_AVAILABILITY = YES_AGGRESSIVE;
				COPY_PHASE_STRIP = NO;
				DEBUG_INFORMATION_FORMAT = "dwarf-with-dsym";
				ENABLE_NS_ASSERTIONS = NO;
				ENABLE_STRICT_OBJC_MSGSEND = YES;
				ENABLE_USER_SCRIPT_SANDBOXING = YES;
				GCC_C_LANGUAGE_STANDARD = gnu17;
				GCC_NO_COMMON_BLOCKS = YES;
				GCC_WARN_ABOUT_RETURN_TYPE = YES_ERROR;
				GCC_WARN_UNINITIALIZED_AUTOS = YES_AGGRESSIVE;
				GCC_WARN_UNUSED_FUNCTION = YES;
				GCC_WARN_UNUSED_VARIABLE = YES;
				IPHONEOS_DEPLOYMENT_TARGET = 17.0;
				MTL_ENABLE_DEBUG_INFO = NO;
				MTL_FAST_MATH = YES;
				SDKROOT = iphoneos;
				SWIFT_COMPILATION_MODE = wholemodule;
				SWIFT_OPTIMIZATION_LEVEL = "-O";
				SWIFT_VERSION = 5.0;
				VALIDATE_PRODUCT = YES;
			};
			name = Release;
		};
		EE0000000000000000000003 /* Debug */ = {
			isa = XCBuildConfiguration;
			buildSettings = {
				ASSETCATALOG_COMPILER_APPICON_NAME = AppIcon;
				ASSETCATALOG_COMPILER_GLOBAL_ACCENT_COLOR_NAME = AccentColor;
				CODE_SIGN_ENTITLEMENTS = Fasting/Fasting.entitlements;
				CODE_SIGN_STYLE = Automatic;
				CURRENT_PROJECT_VERSION = 1;
				ENABLE_PREVIEWS = YES;
				GENERATE_INFOPLIST_FILE = YES;
				INFOPLIST_KEY_CFBundleDisplayName = "Jeûne";
				INFOPLIST_KEY_NSSupportsLiveActivities = YES;
				INFOPLIST_KEY_UIApplicationSceneManifest_Generation = YES;
				INFOPLIST_KEY_UIApplicationSupportsIndirectInputEvents = YES;
				INFOPLIST_KEY_UILaunchScreen_Generation = YES;
				INFOPLIST_KEY_UISupportedInterfaceOrientations = UIInterfaceOrientationPortrait;
				INFOPLIST_KEY_UISupportedInterfaceOrientations_iPad = "UIInterfaceOrientationLandscapeLeft UIInterfaceOrientationLandscapeRight UIInterfaceOrientationPortrait UIInterfaceOrientationPortraitUpsideDown";
				LD_RUNPATH_SEARCH_PATHS = (
					"$(inherited)",
					"@executable_path/Frameworks",
				);
				MARKETING_VERSION = 1.0;
				PRODUCT_BUNDLE_IDENTIFIER = company.lno.fasting;
				PRODUCT_NAME = "$(TARGET_NAME)";
				SWIFT_EMIT_LOC_STRINGS = YES;
				SWIFT_VERSION = 5.0;
				TARGETED_DEVICE_FAMILY = "1,2";
			};
			name = Debug;
		};
		EE0000000000000000000004 /* Release */ = {
			isa = XCBuildConfiguration;
			buildSettings = {
				ASSETCATALOG_COMPILER_APPICON_NAME = AppIcon;
				ASSETCATALOG_COMPILER_GLOBAL_ACCENT_COLOR_NAME = AccentColor;
				CODE_SIGN_ENTITLEMENTS = Fasting/Fasting.entitlements;
				CODE_SIGN_STYLE = Automatic;
				CURRENT_PROJECT_VERSION = 1;
				ENABLE_PREVIEWS = YES;
				GENERATE_INFOPLIST_FILE = YES;
				INFOPLIST_KEY_CFBundleDisplayName = "Jeûne";
				INFOPLIST_KEY_NSSupportsLiveActivities = YES;
				INFOPLIST_KEY_UIApplicationSceneManifest_Generation = YES;
				INFOPLIST_KEY_UIApplicationSupportsIndirectInputEvents = YES;
				INFOPLIST_KEY_UILaunchScreen_Generation = YES;
				INFOPLIST_KEY_UISupportedInterfaceOrientations = UIInterfaceOrientationPortrait;
				INFOPLIST_KEY_UISupportedInterfaceOrientations_iPad = "UIInterfaceOrientationLandscapeLeft UIInterfaceOrientationLandscapeRight UIInterfaceOrientationPortrait UIInterfaceOrientationPortraitUpsideDown";
				LD_RUNPATH_SEARCH_PATHS = (
					"$(inherited)",
					"@executable_path/Frameworks",
				);
				MARKETING_VERSION = 1.0;
				PRODUCT_BUNDLE_IDENTIFIER = company.lno.fasting;
				PRODUCT_NAME = "$(TARGET_NAME)";
				SWIFT_EMIT_LOC_STRINGS = YES;
				SWIFT_VERSION = 5.0;
				TARGETED_DEVICE_FAMILY = "1,2";
			};
			name = Release;
		};
		EE0000000000000000000005 /* Debug */ = {
			isa = XCBuildConfiguration;
			buildSettings = {
				CODE_SIGN_ENTITLEMENTS = FastingWidget/FastingWidget.entitlements;
				CODE_SIGN_STYLE = Automatic;
				CURRENT_PROJECT_VERSION = 1;
				GENERATE_INFOPLIST_FILE = NO;
				INFOPLIST_FILE = FastingWidget/Info.plist;
				LD_RUNPATH_SEARCH_PATHS = (
					"$(inherited)",
					"@executable_path/Frameworks",
					"@executable_path/../../Frameworks",
				);
				MARKETING_VERSION = 1.0;
				PRODUCT_BUNDLE_IDENTIFIER = company.lno.fasting.FastingWidget;
				PRODUCT_NAME = FastingWidgetExtension;
				SKIP_INSTALL = YES;
				SWIFT_EMIT_LOC_STRINGS = YES;
				SWIFT_VERSION = 5.0;
				TARGETED_DEVICE_FAMILY = "1,2";
			};
			name = Debug;
		};
		EE0000000000000000000006 /* Release */ = {
			isa = XCBuildConfiguration;
			buildSettings = {
				CODE_SIGN_ENTITLEMENTS = FastingWidget/FastingWidget.entitlements;
				CODE_SIGN_STYLE = Automatic;
				CURRENT_PROJECT_VERSION = 1;
				GENERATE_INFOPLIST_FILE = NO;
				INFOPLIST_FILE = FastingWidget/Info.plist;
				LD_RUNPATH_SEARCH_PATHS = (
					"$(inherited)",
					"@executable_path/Frameworks",
					"@executable_path/../../Frameworks",
				);
				MARKETING_VERSION = 1.0;
				PRODUCT_BUNDLE_IDENTIFIER = company.lno.fasting.FastingWidget;
				PRODUCT_NAME = FastingWidgetExtension;
				SKIP_INSTALL = YES;
				SWIFT_EMIT_LOC_STRINGS = YES;
				SWIFT_VERSION = 5.0;
				TARGETED_DEVICE_FAMILY = "1,2";
			};
			name = Release;
		};
/* End XCBuildConfiguration section */

/* Begin XCConfigurationList section */
		DD0000000000000000000001 /* Build configuration list for PBXProject "Fasting" */ = {
			isa = XCConfigurationList;
			buildConfigurations = (
				EE0000000000000000000001 /* Debug */,
				EE0000000000000000000002 /* Release */,
			);
			defaultConfigurationIsVisible = 0;
			defaultConfigurationName = Release;
		};
		DD0000000000000000000002 /* Build configuration list for PBXNativeTarget "Fasting" */ = {
			isa = XCConfigurationList;
			buildConfigurations = (
				EE0000000000000000000003 /* Debug */,
				EE0000000000000000000004 /* Release */,
			);
			defaultConfigurationIsVisible = 0;
			defaultConfigurationName = Release;
		};
		DD0000000000000000000003 /* Build configuration list for PBXNativeTarget "FastingWidget" */ = {
			isa = XCConfigurationList;
			buildConfigurations = (
				EE0000000000000000000005 /* Debug */,
				EE0000000000000000000006 /* Release */,
			);
			defaultConfigurationIsVisible = 0;
			defaultConfigurationName = Release;
		};
/* End XCConfigurationList section */
	};
	rootObject = AA0000000000000000000001 /* Project object */;
}
